
Microsoft Visual Studio Solution File, Format Version 12.00
# Visual Studio Version 17
VisualStudioVersion = 17.1.32210.238
MinimumVisualStudioVersion = 10.0.40219.1
Project("{FAE04EC0-301F-11D3-BF4B-00C04F79EFBC}") = "giaodien", "giaodien\giaodien.csproj", "{81D5E7F5-BEB8-426A-9D83-1B2C4B6F9478}"
EndProject
Global
	GlobalSection(SolutionConfigurationPlatforms) = preSolution
		Debug|Any CPU = Debug|Any CPU
		Release|Any CPU = Release|Any CPU
	EndGlobalSection
	GlobalSection(ProjectConfigurationPlatforms) = postSolution
		{81D5E7F5-BEB8-426A-9D83-1B2C4B6F9478}.Debug|Any CPU.ActiveCfg = Debug|Any CPU
		{81D5E7F5-BEB8-426A-9D83-1B2C4B6F9478}.Debug|Any CPU.Build.0 = Debug|Any CPU
		{81D5E7F5-BEB8-426A-9D83-1B2C4B6F9478}.Release|Any CPU.ActiveCfg = Release|Any CPU
		{81D5E7F5-BEB8-426A-9D83-1B2C4B6F9478}.Release|Any CPU.Build.0 = Release|Any CPU
	EndGlobalSection
	GlobalSection(SolutionProperties) = preSolution
		HideSolutionNode = FALSE
	EndGlobalSection
	GlobalSection(ExtensibilityGlobals) = postSolution
		SolutionGuid = {4A2CD2F7-62CE-4DBD-B222-3392130440EB}
	EndGlobalSection
EndGlobal
